// !$*UTF8*$!
{
	archiveVersion = 1;
	classes = {
	};
	objectVersion = 56;
	objects = {

/* Begin PBXBuildFile section */
		05551B402BE2A72800826C04 /* NetworkManager.swift in Sources */ = {isa = PBXBuildFile; fileRef = 05551B3F2BE2A72800826C04 /* NetworkManager.swift */; };
		05551B432BE2AB6C00826C04 /* Alamofire in Frameworks */ = {isa = PBXBuildFile; productRef = 05551B422BE2AB6C00826C04 /* Alamofire */; };
		05551B452BE2AB6C00826C04 /* AlamofireDynamic in Frameworks */ = {isa = PBXBuildFile; productRef = 05551B442BE2AB6C00826C04 /* AlamofireDynamic */; };
		05551B472BE2B61500826C04 /* HomeScreenViewModel.swift in Sources */ = {isa = PBXBuildFile; fileRef = 05551B462BE2B61500826C04 /* HomeScreenViewModel.swift */; };
		05551B492BE2DD2D00826C04 /* ImagePicker.swift in Sources */ = {isa = PBXBuildFile; fileRef = 05551B482BE2DD2D00826C04 /* ImagePicker.swift */; };
		05551B4B2BE2E37900826C04 /* User.swift in Sources */ = {isa = PBXBuildFile; fileRef = 05551B4A2BE2E37900826C04 /* User.swift */; };
		05C895682BE43641007DA59E /* DateCalculator.swift in Sources */ = {isa = PBXBuildFile; fileRef = 05C895672BE43641007DA59E /* DateCalculator.swift */; };
		05C8956A2BE43D1F007DA59E /* CreatePostViewModel.swift in Sources */ = {isa = PBXBuildFile; fileRef = 05C895692BE43D1F007DA59E /* CreatePostViewModel.swift */; };
		05C8956C2BE49993007DA59E /* SessionManager.swift in Sources */ = {isa = PBXBuildFile; fileRef = 05C8956B2BE49993007DA59E /* SessionManager.swift */; };
		05C8956E2BE5A8CF007DA59E /* UserProfileView.swift in Sources */ = {isa = PBXBuildFile; fileRef = 05C8956D2BE5A8CF007DA59E /* UserProfileView.swift */; };
		05C8956F2BE5DEF9007DA59E /* AlamofireDynamic in Embed Frameworks */ = {isa = PBXBuildFile; productRef = 05551B442BE2AB6C00826C04 /* AlamofireDynamic */; settings = {ATTRIBUTES = (CodeSignOnCopy, ); }; };
		05C895732BE5DF16007DA59E /* SDWebImageSwiftUI in Frameworks */ = {isa = PBXBuildFile; productRef = 05C895722BE5DF16007DA59E /* SDWebImageSwiftUI */; };
		05C895752BE5EC80007DA59E /* ProfileViewModel.swift in Sources */ = {isa = PBXBuildFile; fileRef = 05C895742BE5EC80007DA59E /* ProfileViewModel.swift */; };
		05F8D7262BE18C920021D578 /* LostAndFoundApp.swift in Sources */ = {isa = PBXBuildFile; fileRef = 05F8D7252BE18C920021D578 /* LostAndFoundApp.swift */; };
		05F8D72A2BE18C930021D578 /* Assets.xcassets in Resources */ = {isa = PBXBuildFile; fileRef = 05F8D7292BE18C930021D578 /* Assets.xcassets */; };
		05F8D72D2BE18C930021D578 /* Preview Assets.xcassets in Resources */ = {isa = PBXBuildFile; fileRef = 05F8D72C2BE18C930021D578 /* Preview Assets.xcassets */; };
		05F8D7372BE18C930021D578 /* LostAndFoundAppTests.swift in Sources */ = {isa = PBXBuildFile; fileRef = 05F8D7362BE18C930021D578 /* LostAndFoundAppTests.swift */; };
		05F8D7412BE18C930021D578 /* LostAndFoundAppUITests.swift in Sources */ = {isa = PBXBuildFile; fileRef = 05F8D7402BE18C930021D578 /* LostAndFoundAppUITests.swift */; };
		05F8D7432BE18C930021D578 /* LostAndFoundAppUITestsLaunchTests.swift in Sources */ = {isa = PBXBuildFile; fileRef = 05F8D7422BE18C930021D578 /* LostAndFoundAppUITestsLaunchTests.swift */; };
		05F8D7532BE18DD20021D578 /* WelcomeView.swift in Sources */ = {isa = PBXBuildFile; fileRef = 05F8D7522BE18DD20021D578 /* WelcomeView.swift */; };
		05F8D7552BE18DE90021D578 /* LoginView.swift in Sources */ = {isa = PBXBuildFile; fileRef = 05F8D7542BE18DE90021D578 /* LoginView.swift */; };
		05F8D7572BE18DF50021D578 /* SignUpView.swift in Sources */ = {isa = PBXBuildFile; fileRef = 05F8D7562BE18DF50021D578 /* SignUpView.swift */; };
		05F8D7592BE18E020021D578 /* HomeScreenView.swift in Sources */ = {isa = PBXBuildFile; fileRef = 05F8D7582BE18E020021D578 /* HomeScreenView.swift */; };
		05F8D75B2BE18E0E0021D578 /* UITabView.swift in Sources */ = {isa = PBXBuildFile; fileRef = 05F8D75A2BE18E0E0021D578 /* UITabView.swift */; };
		05F8D75D2BE18E1A0021D578 /* ProfileView.swift in Sources */ = {isa = PBXBuildFile; fileRef = 05F8D75C2BE18E1A0021D578 /* ProfileView.swift */; };
		05F8D7602BE18E370021D578 /* CreatePostView.swift in Sources */ = {isa = PBXBuildFile; fileRef = 05F8D75F2BE18E370021D578 /* CreatePostView.swift */; };
		05F8D7622BE18EA90021D578 /* Post.swift in Sources */ = {isa = PBXBuildFile; fileRef = 05F8D7612BE18EA90021D578 /* Post.swift */; };
		05F8D7642BE18EC80021D578 /* SearchLogic.swift in Sources */ = {isa = PBXBuildFile; fileRef = 05F8D7632BE18EC80021D578 /* SearchLogic.swift */; };
/* End PBXBuildFile section */

/* Begin PBXContainerItemProxy section */
		05F8D7332BE18C930021D578 /* PBXContainerItemProxy */ = {
			isa = PBXContainerItemProxy;
			containerPortal = 05F8D71A2BE18C920021D578 /* Project object */;
			proxyType = 1;
			remoteGlobalIDString = 05F8D7212BE18C920021D578;
			remoteInfo = LostAndFoundApp;
		};
		05F8D73D2BE18C930021D578 /* PBXContainerItemProxy */ = {
			isa = PBXContainerItemProxy;
			containerPortal = 05F8D71A2BE18C920021D578 /* Project object */;
			proxyType = 1;
			remoteGlobalIDString = 05F8D7212BE18C920021D578;
			remoteInfo = LostAndFoundApp;
		};
/* End PBXContainerItemProxy section */

/* Begin PBXCopyFilesBuildPhase section */
		05C895702BE5DEF9007DA59E /* Embed Frameworks */ = {
			isa = PBXCopyFilesBuildPhase;
			buildActionMask = 2147483647;
			dstPath = "";
			dstSubfolderSpec = 10;
			files = (
				05C8956F2BE5DEF9007DA59E /* AlamofireDynamic in Embed Frameworks */,
			);
			name = "Embed Frameworks";
			runOnlyForDeploymentPostprocessing = 0;
		};
/* End PBXCopyFilesBuildPhase section */

/* Begin PBXFileReference section */
		05551B3F2BE2A72800826C04 /* NetworkManager.swift */ = {isa = PBXFileReference; lastKnownFileType = sourcecode.swift; path = NetworkManager.swift; sourceTree = "<group>"; };
		05551B462BE2B61500826C04 /* HomeScreenViewModel.swift */ = {isa = PBXFileReference; lastKnownFileType = sourcecode.swift; path = HomeScreenViewModel.swift; sourceTree = "<group>"; };
		05551B482BE2DD2D00826C04 /* ImagePicker.swift */ = {isa = PBXFileReference; lastKnownFileType = sourcecode.swift; path = ImagePicker.swift; sourceTree = "<group>"; };
		05551B4A2BE2E37900826C04 /* User.swift */ = {isa = PBXFileReference; lastKnownFileType = sourcecode.swift; path = User.swift; sourceTree = "<group>"; };
		05C895672BE43641007DA59E /* DateCalculator.swift */ = {isa = PBXFileReference; lastKnownFileType = sourcecode.swift; path = DateCalculator.swift; sourceTree = "<group>"; };
		05C895692BE43D1F007DA59E /* CreatePostViewModel.swift */ = {isa = PBXFileReference; lastKnownFileType = sourcecode.swift; path = CreatePostViewModel.swift; sourceTree = "<group>"; };
		05C8956B2BE49993007DA59E /* SessionManager.swift */ = {isa = PBXFileReference; lastKnownFileType = sourcecode.swift; path = SessionManager.swift; sourceTree = "<group>"; };
		05C8956D2BE5A8CF007DA59E /* UserProfileView.swift */ = {isa = PBXFileReference; lastKnownFileType = sourcecode.swift; path = UserProfileView.swift; sourceTree = "<group>"; };
		05C895742BE5EC80007DA59E /* ProfileViewModel.swift */ = {isa = PBXFileReference; lastKnownFileType = sourcecode.swift; path = ProfileViewModel.swift; sourceTree = "<group>"; };
		05F8D7222BE18C920021D578 /* LostAndFoundApp.app */ = {isa = PBXFileReference; explicitFileType = wrapper.application; includeInIndex = 0; path = LostAndFoundApp.app; sourceTree = BUILT_PRODUCTS_DIR; };
		05F8D7252BE18C920021D578 /* LostAndFoundApp.swift */ = {isa = PBXFileReference; lastKnownFileType = sourcecode.swift; path = LostAndFoundApp.swift; sourceTree = "<group>"; };
		05F8D7292BE18C930021D578 /* Assets.xcassets */ = {isa = PBXFileReference; lastKnownFileType = folder.assetcatalog; path = Assets.xcassets; sourceTree = "<group>"; };
		05F8D72C2BE18C930021D578 /* Preview Assets.xcassets */ = {isa = PBXFileReference; lastKnownFileType = folder.assetcatalog; path = "Preview Assets.xcassets"; sourceTree = "<group>"; };
		05F8D7322BE18C930021D578 /* LostAndFoundAppTests.xctest */ = {isa = PBXFileReference; explicitFileType = wrapper.cfbundle; includeInIndex = 0; path = LostAndFoundAppTests.xctest; sourceTree = BUILT_PRODUCTS_DIR; };
		05F8D7362BE18C930021D578 /* LostAndFoundAppTests.swift */ = {isa = PBXFileReference; lastKnownFileType = sourcecode.swift; path = LostAndFoundAppTests.swift; sourceTree = "<group>"; };
		05F8D73C2BE18C930021D578 /* LostAndFoundAppUITests.xctest */ = {isa = PBXFileReference; explicitFileType = wrapper.cfbundle; includeInIndex = 0; path = LostAndFoundAppUITests.xctest; sourceTree = BUILT_PRODUCTS_DIR; };
		05F8D7402BE18C930021D578 /* LostAndFoundAppUITests.swift */ = {isa = PBXFileReference; lastKnownFileType = sourcecode.swift; path = LostAndFoundAppUITests.swift; sourceTree = "<group>"; };
		05F8D7422BE18C930021D578 /* LostAndFoundAppUITestsLaunchTests.swift */ = {isa = PBXFileReference; lastKnownFileType = sourcecode.swift; path = LostAndFoundAppUITestsLaunchTests.swift; sourceTree = "<group>"; };
		05F8D7522BE18DD20021D578 /* WelcomeView.swift */ = {isa = PBXFileReference; lastKnownFileType = sourcecode.swift; path = WelcomeView.swift; sourceTree = "<group>"; };
		05F8D7542BE18DE90021D578 /* LoginView.swift */ = {isa = PBXFileReference; lastKnownFileType = sourcecode.swift; path = LoginView.swift; sourceTree = "<group>"; };
		05F8D7562BE18DF50021D578 /* SignUpView.swift */ = {isa = PBXFileReference; lastKnownFileType = sourcecode.swift; path = SignUpView.swift; sourceTree = "<group>"; };
		05F8D7582BE18E020021D578 /* HomeScreenView.swift */ = {isa = PBXFileReference; lastKnownFileType = sourcecode.swift; path = HomeScreenView.swift; sourceTree = "<group>"; };
		05F8D75A2BE18E0E0021D578 /* UITabView.swift */ = {isa = PBXFileReference; lastKnownFileType = sourcecode.swift; path = UITabView.swift; sourceTree = "<group>"; };
		05F8D75C2BE18E1A0021D578 /* ProfileView.swift */ = {isa = PBXFileReference; lastKnownFileType = sourcecode.swift; path = ProfileView.swift; sourceTree = "<group>"; };
		05F8D75F2BE18E370021D578 /* CreatePostView.swift */ = {isa = PBXFileReference; lastKnownFileType = sourcecode.swift; path = CreatePostView.swift; sourceTree = "<group>"; };
		05F8D7612BE18EA90021D578 /* Post.swift */ = {isa = PBXFileReference; lastKnownFileType = sourcecode.swift; path = Post.swift; sourceTree = "<group>"; };
		05F8D7632BE18EC80021D578 /* SearchLogic.swift */ = {isa = PBXFileReference; lastKnownFileType = sourcecode.swift; path = SearchLogic.swift; sourceTree = "<group>"; };
/* End PBXFileReference section */

/* Begin PBXFrameworksBuildPhase section */
		05F8D71F2BE18C920021D578 /* Frameworks */ = {
			isa = PBXFrameworksBuildPhase;
			buildActionMask = 2147483647;
			files = (
				05C895732BE5DF16007DA59E /* SDWebImageSwiftUI in Frameworks */,
				05551B432BE2AB6C00826C04 /* Alamofire in Frameworks */,
				05551B452BE2AB6C00826C04 /* AlamofireDynamic in Frameworks */,
			);
			runOnlyForDeploymentPostprocessing = 0;
		};
		05F8D72F2BE18C930021D578 /* Frameworks */ = {
			isa = PBXFrameworksBuildPhase;
			buildActionMask = 2147483647;
			files = (
			);
			runOnlyForDeploymentPostprocessing = 0;
		};
		05F8D7392BE18C930021D578 /* Frameworks */ = {
			isa = PBXFrameworksBuildPhase;
			buildActionMask = 2147483647;
			files = (
			);
			runOnlyForDeploymentPostprocessing = 0;
		};
/* End PBXFrameworksBuildPhase section */

/* Begin PBXGroup section */
		05F8D7192BE18C920021D578 = {
			isa = PBXGroup;
			children = (
				05F8D7242BE18C920021D578 /* LostAndFoundApp */,
				05F8D7352BE18C930021D578 /* LostAndFoundAppTests */,
				05F8D73F2BE18C930021D578 /* LostAndFoundAppUITests */,
				05F8D7232BE18C920021D578 /* Products */,
			);
			sourceTree = "<group>";
		};
		05F8D7232BE18C920021D578 /* Products */ = {
			isa = PBXGroup;
			children = (
				05F8D7222BE18C920021D578 /* LostAndFoundApp.app */,
				05F8D7322BE18C930021D578 /* LostAndFoundAppTests.xctest */,
				05F8D73C2BE18C930021D578 /* LostAndFoundAppUITests.xctest */,
			);
			name = Products;
			sourceTree = "<group>";
		};
		05F8D7242BE18C920021D578 /* LostAndFoundApp */ = {
			isa = PBXGroup;
			children = (
				05F8D7512BE18D930021D578 /* Views */,
				05F8D7502BE18D8E0021D578 /* Models */,
				05F8D74F2BE18D850021D578 /* DataLogic */,
				05F8D7252BE18C920021D578 /* LostAndFoundApp.swift */,
				05F8D7292BE18C930021D578 /* Assets.xcassets */,
				05F8D72B2BE18C930021D578 /* Preview Content */,
			);
			path = LostAndFoundApp;
			sourceTree = "<group>";
		};
		05F8D72B2BE18C930021D578 /* Preview Content */ = {
			isa = PBXGroup;
			children = (
				05F8D72C2BE18C930021D578 /* Preview Assets.xcassets */,
			);
			path = "Preview Content";
			sourceTree = "<group>";
		};
		05F8D7352BE18C930021D578 /* LostAndFoundAppTests */ = {
			isa = PBXGroup;
			children = (
				05F8D7362BE18C930021D578 /* LostAndFoundAppTests.swift */,
			);
			path = LostAndFoundAppTests;
			sourceTree = "<group>";
		};
		05F8D73F2BE18C930021D578 /* LostAndFoundAppUITests */ = {
			isa = PBXGroup;
			children = (
				05F8D7402BE18C930021D578 /* LostAndFoundAppUITests.swift */,
				05F8D7422BE18C930021D578 /* LostAndFoundAppUITestsLaunchTests.swift */,
			);
			path = LostAndFoundAppUITests;
			sourceTree = "<group>";
		};
		05F8D74F2BE18D850021D578 /* DataLogic */ = {
			isa = PBXGroup;
			children = (
				05F8D7632BE18EC80021D578 /* SearchLogic.swift */,
				05551B3F2BE2A72800826C04 /* NetworkManager.swift */,
				05551B462BE2B61500826C04 /* HomeScreenViewModel.swift */,
				05551B482BE2DD2D00826C04 /* ImagePicker.swift */,
				05C895672BE43641007DA59E /* DateCalculator.swift */,
				05C895692BE43D1F007DA59E /* CreatePostViewModel.swift */,
				05C8956B2BE49993007DA59E /* SessionManager.swift */,
				05C895742BE5EC80007DA59E /* ProfileViewModel.swift */,
			);
			path = DataLogic;
			sourceTree = "<group>";
		};
		05F8D7502BE18D8E0021D578 /* Models */ = {
			isa = PBXGroup;
			children = (
				05F8D7612BE18EA90021D578 /* Post.swift */,
				05551B4A2BE2E37900826C04 /* User.swift */,
			);
			path = Models;
			sourceTree = "<group>";
		};
		05F8D7512BE18D930021D578 /* Views */ = {
			isa = PBXGroup;
			children = (
				05F8D7522BE18DD20021D578 /* WelcomeView.swift */,
				05F8D7542BE18DE90021D578 /* LoginView.swift */,
				05F8D7562BE18DF50021D578 /* SignUpView.swift */,
				05F8D7582BE18E020021D578 /* HomeScreenView.swift */,
				05F8D75A2BE18E0E0021D578 /* UITabView.swift */,
				05F8D75C2BE18E1A0021D578 /* ProfileView.swift */,
				05F8D75F2BE18E370021D578 /* CreatePostView.swift */,
				05C8956D2BE5A8CF007DA59E /* UserProfileView.swift */,
			);
			path = Views;
			sourceTree = "<group>";
		};
/* End PBXGroup section */

/* Begin PBXNativeTarget section */
		05F8D7212BE18C920021D578 /* LostAndFoundApp */ = {
			isa = PBXNativeTarget;
			buildConfigurationList = 05F8D7462BE18C930021D578 /* Build configuration list for PBXNativeTarget "LostAndFoundApp" */;
			buildPhases = (
				05F8D71E2BE18C920021D578 /* Sources */,
				05F8D71F2BE18C920021D578 /* Frameworks */,
				05F8D7202BE18C920021D578 /* Resources */,
				05C895702BE5DEF9007DA59E /* Embed Frameworks */,
			);
			buildRules = (
			);
			dependencies = (
			);
			name = LostAndFoundApp;
			packageProductDependencies = (
				05551B422BE2AB6C00826C04 /* Alamofire */,
				05551B442BE2AB6C00826C04 /* AlamofireDynamic */,
				05C895722BE5DF16007DA59E /* SDWebImageSwiftUI */,
			);
			productName = LostAndFoundApp;
			productReference = 05F8D7222BE18C920021D578 /* LostAndFoundApp.app */;
			productType = "com.apple.product-type.application";
		};
		05F8D7312BE18C930021D578 /* LostAndFoundAppTests */ = {
			isa = PBXNativeTarget;
			buildConfigurationList = 05F8D7492BE18C930021D578 /* Build configuration list for PBXNativeTarget "LostAndFoundAppTests" */;
			buildPhases = (
				05F8D72E2BE18C930021D578 /* Sources */,
				05F8D72F2BE18C930021D578 /* Frameworks */,
				05F8D7302BE18C930021D578 /* Resources */,
			);
			buildRules = (
			);
			dependencies = (
				05F8D7342BE18C930021D578 /* PBXTargetDependency */,
			);
			name = LostAndFoundAppTests;
			productName = LostAndFoundAppTests;
			productReference = 05F8D7322BE18C930021D578 /* LostAndFoundAppTests.xctest */;
			productType = "com.apple.product-type.bundle.unit-test";
		};
		05F8D73B2BE18C930021D578 /* LostAndFoundAppUITests */ = {
			isa = PBXNativeTarget;
			buildConfigurationList = 05F8D74C2BE18C930021D578 /* Build configuration list for PBXNativeTarget "LostAndFoundAppUITests" */;
			buildPhases = (
				05F8D7382BE18C930021D578 /* Sources */,
				05F8D7392BE18C930021D578 /* Frameworks */,
				05F8D73A2BE18C930021D578 /* Resources */,
			);
			buildRules = (
			);
			dependencies = (
				05F8D73E2BE18C930021D578 /* PBXTargetDependency */,
			);
			name = LostAndFoundAppUITests;
			productName = LostAndFoundAppUITests;
			productReference = 05F8D73C2BE18C930021D578 /* LostAndFoundAppUITests.xctest */;
			productType = "com.apple.product-type.bundle.ui-testing";
		};
/* End PBXNativeTarget section */

/* Begin PBXProject section */
		05F8D71A2BE18C920021D578 /* Project object */ = {
			isa = PBXProject;
			attributes = {
				BuildIndependentTargetsInParallel = 1;
				LastSwiftUpdateCheck = 1530;
				LastUpgradeCheck = 1530;
				TargetAttributes = {
					05F8D7212BE18C920021D578 = {
						CreatedOnToolsVersion = 15.3;
					};
					05F8D7312BE18C930021D578 = {
						CreatedOnToolsVersion = 15.3;
						TestTargetID = 05F8D7212BE18C920021D578;
					};
					05F8D73B2BE18C930021D578 = {
						CreatedOnToolsVersion = 15.3;
						TestTargetID = 05F8D7212BE18C920021D578;
					};
				};
			};
			buildConfigurationList = 05F8D71D2BE18C920021D578 /* Build configuration list for PBXProject "LostAndFoundApp" */;
			compatibilityVersion = "Xcode 14.0";
			developmentRegion = en;
			hasScannedForEncodings = 0;
			knownRegions = (
				en,
				Base,
			);
			mainGroup = 05F8D7192BE18C920021D578;
			packageReferences = (
				05551B412BE2AB6C00826C04 /* XCRemoteSwiftPackageReference "Alamofire" */,
				05C895712BE5DF16007DA59E /* XCRemoteSwiftPackageReference "SDWebImageSwiftUI" */,
			);
			productRefGroup = 05F8D7232BE18C920021D578 /* Products */;
			projectDirPath = "";
			projectRoot = "";
			targets = (
				05F8D7212BE18C920021D578 /* LostAndFoundApp */,
				05F8D7312BE18C930021D578 /* LostAndFoundAppTests */,
				05F8D73B2BE18C930021D578 /* LostAndFoundAppUITests */,
			);
		};
/* End PBXProject section */

/* Begin PBXResourcesBuildPhase section */
		05F8D7202BE18C920021D578 /* Resources */ = {
			isa = PBXResourcesBuildPhase;
			buildActionMask = 2147483647;
			files = (
				05F8D72D2BE18C930021D578 /* Preview Assets.xcassets in Resources */,
				05F8D72A2BE18C930021D578 /* Assets.xcassets in Resources */,
			);
			runOnlyForDeploymentPostprocessing = 0;
		};
		05F8D7302BE18C930021D578 /* Resources */ = {
			isa = PBXResourcesBuildPhase;
			buildActionMask = 2147483647;
			files = (
			);
			runOnlyForDeploymentPostprocessing = 0;
		};
		05F8D73A2BE18C930021D578 /* Resources */ = {
			isa = PBXResourcesBuildPhase;
			buildActionMask = 2147483647;
			files = (
			);
			runOnlyForDeploymentPostprocessing = 0;
		};
/* End PBXResourcesBuildPhase section */

/* Begin PBXSourcesBuildPhase section */
		05F8D71E2BE18C920021D578 /* Sources */ = {
			isa = PBXSourcesBuildPhase;
			buildActionMask = 2147483647;
			files = (
				05551B492BE2DD2D00826C04 /* ImagePicker.swift in Sources */,
				05C895752BE5EC80007DA59E /* ProfileViewModel.swift in Sources */,
				05C8956E2BE5A8CF007DA59E /* UserProfileView.swift in Sources */,
				05F8D7572BE18DF50021D578 /* SignUpView.swift in Sources */,
				05551B472BE2B61500826C04 /* HomeScreenViewModel.swift in Sources */,
				05F8D7552BE18DE90021D578 /* LoginView.swift in Sources */,
				05F8D75B2BE18E0E0021D578 /* UITabView.swift in Sources */,
				05F8D7592BE18E020021D578 /* HomeScreenView.swift in Sources */,
				05551B4B2BE2E37900826C04 /* User.swift in Sources */,
				05551B402BE2A72800826C04 /* NetworkManager.swift in Sources */,
				05F8D7602BE18E370021D578 /* CreatePostView.swift in Sources */,
				05F8D7262BE18C920021D578 /* LostAndFoundApp.swift in Sources */,
				05C8956A2BE43D1F007DA59E /* CreatePostViewModel.swift in Sources */,
				05F8D7622BE18EA90021D578 /* Post.swift in Sources */,
				05F8D75D2BE18E1A0021D578 /* ProfileView.swift in Sources */,
				05C895682BE43641007DA59E /* DateCalculator.swift in Sources */,
				05F8D7642BE18EC80021D578 /* SearchLogic.swift in Sources */,
				05F8D7532BE18DD20021D578 /* WelcomeView.swift in Sources */,
				05C8956C2BE49993007DA59E /* SessionManager.swift in Sources */,
			);
			runOnlyForDeploymentPostprocessing = 0;
		};
		05F8D72E2BE18C930021D578 /* Sources */ = {
			isa = PBXSourcesBuildPhase;
			buildActionMask = 2147483647;
			files = (
				05F8D7372BE18C930021D578 /* LostAndFoundAppTests.swift in Sources */,
			);
			runOnlyForDeploymentPostprocessing = 0;
		};
		05F8D7382BE18C930021D578 /* Sources */ = {
			isa = PBXSourcesBuildPhase;
			buildActionMask = 2147483647;
			files = (
				05F8D7412BE18C930021D578 /* LostAndFoundAppUITests.swift in Sources */,
				05F8D7432BE18C930021D578 /* LostAndFoundAppUITestsLaunchTests.swift in Sources */,
			);
			runOnlyForDeploymentPostprocessing = 0;
		};
/* End PBXSourcesBuildPhase section */

/* Begin PBXTargetDependency section */
		05F8D7342BE18C930021D578 /* PBXTargetDependency */ = {
			isa = PBXTargetDependency;
			target = 05F8D7212BE18C920021D578 /* LostAndFoundApp */;
			targetProxy = 05F8D7332BE18C930021D578 /* PBXContainerItemProxy */;
		};
		05F8D73E2BE18C930021D578 /* PBXTargetDependency */ = {
			isa = PBXTargetDependency;
			target = 05F8D7212BE18C920021D578 /* LostAndFoundApp */;
			targetProxy = 05F8D73D2BE18C930021D578 /* PBXContainerItemProxy */;
		};
/* End PBXTargetDependency section */

/* Begin XCBuildConfiguration section */
		05F8D7442BE18C930021D578 /* Debug */ = {
			isa = XCBuildConfiguration;
			buildSettings = {
				ALWAYS_SEARCH_USER_PATHS = NO;
				ASSETCATALOG_COMPILER_GENERATE_SWIFT_ASSET_SYMBOL_EXTENSIONS = YES;
				CLANG_ANALYZER_NONNULL = YES;
				CLANG_ANALYZER_NUMBER_OBJECT_CONVERSION = YES_AGGRESSIVE;
				CLANG_CXX_LANGUAGE_STANDARD = "gnu++20";
				CLANG_ENABLE_MODULES = YES;
				CLANG_ENABLE_OBJC_ARC = YES;
				CLANG_ENABLE_OBJC_WEAK = YES;
				CLANG_WARN_BLOCK_CAPTURE_AUTORELEASING = YES;
				CLANG_WARN_BOOL_CONVERSION = YES;
				CLANG_WARN_COMMA = YES;
				CLANG_WARN_CONSTANT_CONVERSION = YES;
				CLANG_WARN_DEPRECATED_OBJC_IMPLEMENTATIONS = YES;
				CLANG_WARN_DIRECT_OBJC_ISA_USAGE = YES_ERROR;
				CLANG_WARN_DOCUMENTATION_COMMENTS = YES;
				CLANG_WARN_EMPTY_BODY = YES;
				CLANG_WARN_ENUM_CONVERSION = YES;
				CLANG_WARN_INFINITE_RECURSION = YES;
				CLANG_WARN_INT_CONVERSION = YES;
				CLANG_WARN_NON_LITERAL_NULL_CONVERSION = YES;
				CLANG_WARN_OBJC_IMPLICIT_RETAIN_SELF = YES;
				CLANG_WARN_OBJC_LITERAL_CONVERSION = YES;
				CLANG_WARN_OBJC_ROOT_CLASS = YES_ERROR;
				CLANG_WARN_QUOTED_INCLUDE_IN_FRAMEWORK_HEADER = YES;
				CLANG_WARN_RANGE_LOOP_ANALYSIS = YES;
				CLANG_WARN_STRICT_PROTOTYPES = YES;
				CLANG_WARN_SUSPICIOUS_MOVE = YES;
				CLANG_WARN_UNGUARDED_AVAILABILITY = YES_AGGRESSIVE;
				CLANG_WARN_UNREACHABLE_CODE = YES;
				CLANG_WARN__DUPLICATE_METHOD_MATCH = YES;
				COPY_PHASE_STRIP = NO;
				DEBUG_INFORMATION_FORMAT = dwarf;
				ENABLE_STRICT_OBJC_MSGSEND = YES;
				ENABLE_TESTABILITY = YES;
				ENABLE_USER_SCRIPT_SANDBOXING = YES;
				GCC_C_LANGUAGE_STANDARD = gnu17;
				GCC_DYNAMIC_NO_PIC = NO;
				GCC_NO_COMMON_BLOCKS = YES;
				GCC_OPTIMIZATION_LEVEL = 0;
				GCC_PREPROCESSOR_DEFINITIONS = (
					"DEBUG=1",
					"$(inherited)",
				);
				GCC_WARN_64_TO_32_BIT_CONVERSION = YES;
				GCC_WARN_ABOUT_RETURN_TYPE = YES_ERROR;
				GCC_WARN_UNDECLARED_SELECTOR = YES;
				GCC_WARN_UNINITIALIZED_AUTOS = YES_AGGRESSIVE;
				GCC_WARN_UNUSED_FUNCTION = YES;
				GCC_WARN_UNUSED_VARIABLE = YES;
				IPHONEOS_DEPLOYMENT_TARGET = 17.4;
				LOCALIZATION_PREFERS_STRING_CATALOGS = YES;
				MTL_ENABLE_DEBUG_INFO = INCLUDE_SOURCE;
				MTL_FAST_MATH = YES;
				ONLY_ACTIVE_ARCH = YES;
				SDKROOT = iphoneos;
				SWIFT_ACTIVE_COMPILATION_CONDITIONS = "DEBUG $(inherited)";
				SWIFT_OPTIMIZATION_LEVEL = "-Onone";
			};
			name = Debug;
		};
		05F8D7452BE18C930021D578 /* Release */ = {
			isa = XCBuildConfiguration;
			buildSettings = {
				ALWAYS_SEARCH_USER_PATHS = NO;
				ASSETCATALOG_COMPILER_GENERATE_SWIFT_ASSET_SYMBOL_EXTENSIONS = YES;
				CLANG_ANALYZER_NONNULL = YES;
				CLANG_ANALYZER_NUMBER_OBJECT_CONVERSION = YES_AGGRESSIVE;
				CLANG_CXX_LANGUAGE_STANDARD = "gnu++20";
				CLANG_ENABLE_MODULES = YES;
				CLANG_ENABLE_OBJC_ARC = YES;
				CLANG_ENABLE_OBJC_WEAK = YES;
				CLANG_WARN_BLOCK_CAPTURE_AUTORELEASING = YES;
				CLANG_WARN_BOOL_CONVERSION = YES;
				CLANG_WARN_COMMA = YES;
				CLANG_WARN_CONSTANT_CONVERSION = YES;
				CLANG_WARN_DEPRECATED_OBJC_IMPLEMENTATIONS = YES;
				CLANG_WARN_DIRECT_OBJC_ISA_USAGE = YES_ERROR;
				CLANG_WARN_DOCUMENTATION_COMMENTS = YES;
				CLANG_WARN_EMPTY_BODY = YES;
				CLANG_WARN_ENUM_CONVERSION = YES;
				CLANG_WARN_INFINITE_RECURSION = YES;
				CLANG_WARN_INT_CONVERSION = YES;
				CLANG_WARN_NON_LITERAL_NULL_CONVERSION = YES;
				CLANG_WARN_OBJC_IMPLICIT_RETAIN_SELF = YES;
				CLANG_WARN_OBJC_LITERAL_CONVERSION = YES;
				CLANG_WARN_OBJC_ROOT_CLASS = YES_ERROR;
				CLANG_WARN_QUOTED_INCLUDE_IN_FRAMEWORK_HEADER = YES;
				CLANG_WARN_RANGE_LOOP_ANALYSIS = YES;
				CLANG_WARN_STRICT_PROTOTYPES = YES;
				CLANG_WARN_SUSPICIOUS_MOVE = YES;
				CLANG_WARN_UNGUARDED_AVAILABILITY = YES_AGGRESSIVE;
				CLANG_WARN_UNREACHABLE_CODE = YES;
				CLANG_WARN__DUPLICATE_METHOD_MATCH = YES;
				COPY_PHASE_STRIP = NO;
				DEBUG_INFORMATION_FORMAT = "dwarf-with-dsym";
				ENABLE_NS_ASSERTIONS = NO;
				ENABLE_STRICT_OBJC_MSGSEND = YES;
				ENABLE_USER_SCRIPT_SANDBOXING = YES;
				GCC_C_LANGUAGE_STANDARD = gnu17;
				GCC_NO_COMMON_BLOCKS = YES;
				GCC_WARN_64_TO_32_BIT_CONVERSION = YES;
				GCC_WARN_ABOUT_RETURN_TYPE = YES_ERROR;
				GCC_WARN_UNDECLARED_SELECTOR = YES;
				GCC_WARN_UNINITIALIZED_AUTOS = YES_AGGRESSIVE;
				GCC_WARN_UNUSED_FUNCTION = YES;
				GCC_WARN_UNUSED_VARIABLE = YES;
				IPHONEOS_DEPLOYMENT_TARGET = 17.4;
				LOCALIZATION_PREFERS_STRING_CATALOGS = YES;
				MTL_ENABLE_DEBUG_INFO = NO;
				MTL_FAST_MATH = YES;
				SDKROOT = iphoneos;
				SWIFT_COMPILATION_MODE = wholemodule;
				VALIDATE_PRODUCT = YES;
			};
			name = Release;
		};
		05F8D7472BE18C930021D578 /* Debug */ = {
			isa = XCBuildConfiguration;
			buildSettings = {
				ASSETCATALOG_COMPILER_APPICON_NAME = AppIcon;
				ASSETCATALOG_COMPILER_GLOBAL_ACCENT_COLOR_NAME = AccentColor;
				CODE_SIGN_STYLE = Automatic;
				CURRENT_PROJECT_VERSION = 1;
				DEVELOPMENT_ASSET_PATHS = "\"LostAndFoundApp/Preview Content\"";
				DEVELOPMENT_TEAM = VY6B945Z3W;
				ENABLE_PREVIEWS = YES;
				GENERATE_INFOPLIST_FILE = YES;
				INFOPLIST_FILE = LostAndFoundApp/Info.plist;
				INFOPLIST_KEY_NSCameraUsageDescription = "Camera usage for posting purposes.";
				INFOPLIST_KEY_UIApplicationSceneManifest_Generation = YES;
				INFOPLIST_KEY_UIApplicationSupportsIndirectInputEvents = YES;
				INFOPLIST_KEY_UILaunchScreen_Generation = YES;
				INFOPLIST_KEY_UISupportedInterfaceOrientations_iPad = "UIInterfaceOrientationPortrait UIInterfaceOrientationPortraitUpsideDown UIInterfaceOrientationLandscapeLeft UIInterfaceOrientationLandscapeRight";
				INFOPLIST_KEY_UISupportedInterfaceOrientations_iPhone = "UIInterfaceOrientationPortrait UIInterfaceOrientationLandscapeLeft UIInterfaceOrientationLandscapeRight";
				LD_RUNPATH_SEARCH_PATHS = (
					"$(inherited)",
					"@executable_path/Frameworks",
				);
				MARKETING_VERSION = 1.0;
				PRODUCT_BUNDLE_IDENTIFIER = com.ramankhanal.LostAndFoundApp;
				PRODUCT_NAME = "$(TARGET_NAME)";
				SWIFT_EMIT_LOC_STRINGS = YES;
				SWIFT_VERSION = 5.0;
				TARGETED_DEVICE_FAMILY = "1,2";
			};
			name = Debug;
		};
		05F8D7482BE18C930021D578 /* Release */ = {
			isa = XCBuildConfiguration;
			buildSettings = {
				ASSETCATALOG_COMPILER_APPICON_NAME = AppIcon;
				ASSETCATALOG_COMPILER_GLOBAL_ACCENT_COLOR_NAME = AccentColor;
				CODE_SIGN_STYLE = Automatic;
				CURRENT_PROJECT_VERSION = 1;
				DEVELOPMENT_ASSET_PATHS = "\"LostAndFoundApp/Preview Content\"";
				DEVELOPMENT_TEAM = VY6B945Z3W;
				ENABLE_PREVIEWS = YES;
				GENERATE_INFOPLIST_FILE = YES;
				INFOPLIST_FILE = LostAndFoundApp/Info.plist;
				INFOPLIST_KEY_NSCameraUsageDescription = "Camera usage for posting purposes.";
				INFOPLIST_KEY_UIApplicationSceneManifest_Generation = YES;
				INFOPLIST_KEY_UIApplicationSupportsIndirectInputEvents = YES;
				INFOPLIST_KEY_UILaunchScreen_Generation = YES;
				INFOPLIST_KEY_UISupportedInterfaceOrientations_iPad = "UIInterfaceOrientationPortrait UIInterfaceOrientationPortraitUpsideDown UIInterfaceOrientationLandscapeLeft UIInterfaceOrientationLandscapeRight";
				INFOPLIST_KEY_UISupportedInterfaceOrientations_iPhone = "UIInterfaceOrientationPortrait UIInterfaceOrientationLandscapeLeft UIInterfaceOrientationLandscapeRight";
				LD_RUNPATH_SEARCH_PATHS = (
					"$(inherited)",
					"@executable_path/Frameworks",
				);
				MARKETING_VERSION = 1.0;
				PRODUCT_BUNDLE_IDENTIFIER = com.ramankhanal.LostAndFoundApp;
				PRODUCT_NAME = "$(TARGET_NAME)";
				SWIFT_EMIT_LOC_STRINGS = YES;
				SWIFT_VERSION = 5.0;
				TARGETED_DEVICE_FAMILY = "1,2";
			};
			name = Release;
		};
		05F8D74A2BE18C930021D578 /* Debug */ = {
			isa = XCBuildConfiguration;
			buildSettings = {
				ALWAYS_EMBED_SWIFT_STANDARD_LIBRARIES = YES;
				BUNDLE_LOADER = "$(TEST_HOST)";
				CODE_SIGN_STYLE = Automatic;
				CURRENT_PROJECT_VERSION = 1;
				DEVELOPMENT_TEAM = VY6B945Z3W;
				GENERATE_INFOPLIST_FILE = YES;
				IPHONEOS_DEPLOYMENT_TARGET = 17.4;
				MARKETING_VERSION = 1.0;
				PRODUCT_BUNDLE_IDENTIFIER = com.ramankhanal.LostAndFoundAppTests;
				PRODUCT_NAME = "$(TARGET_NAME)";
				SWIFT_EMIT_LOC_STRINGS = NO;
				SWIFT_VERSION = 5.0;
				TARGETED_DEVICE_FAMILY = "1,2";
				TEST_HOST = "$(BUILT_PRODUCTS_DIR)/LostAndFoundApp.app/$(BUNDLE_EXECUTABLE_FOLDER_PATH)/LostAndFoundApp";
			};
			name = Debug;
		};
		05F8D74B2BE18C930021D578 /* Release */ = {
			isa = XCBuildConfiguration;
			buildSettings = {
				ALWAYS_EMBED_SWIFT_STANDARD_LIBRARIES = YES;
				BUNDLE_LOADER = "$(TEST_HOST)";
				CODE_SIGN_STYLE = Automatic;
				CURRENT_PROJECT_VERSION = 1;
				DEVELOPMENT_TEAM = VY6B945Z3W;
				GENERATE_INFOPLIST_FILE = YES;
				IPHONEOS_DEPLOYMENT_TARGET = 17.4;
				MARKETING_VERSION = 1.0;
				PRODUCT_BUNDLE_IDENTIFIER = com.ramankhanal.LostAndFoundAppTests;
				PRODUCT_NAME = "$(TARGET_NAME)";
				SWIFT_EMIT_LOC_STRINGS = NO;
				SWIFT_VERSION = 5.0;
				TARGETED_DEVICE_FAMILY = "1,2";
				TEST_HOST = "$(BUILT_PRODUCTS_DIR)/LostAndFoundApp.app/$(BUNDLE_EXECUTABLE_FOLDER_PATH)/LostAndFoundApp";
			};
			name = Release;
		};
		05F8D74D2BE18C930021D578 /* Debug */ = {
			isa = XCBuildConfiguration;
			buildSettings = {
				ALWAYS_EMBED_SWIFT_STANDARD_LIBRARIES = YES;
				CODE_SIGN_STYLE = Automatic;
				CURRENT_PROJECT_VERSION = 1;
				DEVELOPMENT_TEAM = VY6B945Z3W;
				GENERATE_INFOPLIST_FILE = YES;
				MARKETING_VERSION = 1.0;
				PRODUCT_BUNDLE_IDENTIFIER = com.ramankhanal.LostAndFoundAppUITests;
				PRODUCT_NAME = "$(TARGET_NAME)";
				SWIFT_EMIT_LOC_STRINGS = NO;
				SWIFT_VERSION = 5.0;
				TARGETED_DEVICE_FAMILY = "1,2";
				TEST_TARGET_NAME = LostAndFoundApp;
			};
			name = Debug;
		};
		05F8D74E2BE18C930021D578 /* Release */ = {
			isa = XCBuildConfiguration;
			buildSettings = {
				ALWAYS_EMBED_SWIFT_STANDARD_LIBRARIES = YES;
				CODE_SIGN_STYLE = Automatic;
				CURRENT_PROJECT_VERSION = 1;
				DEVELOPMENT_TEAM = VY6B945Z3W;
				GENERATE_INFOPLIST_FILE = YES;
				MARKETING_VERSION = 1.0;
				PRODUCT_BUNDLE_IDENTIFIER = com.ramankhanal.LostAndFoundAppUITests;
				PRODUCT_NAME = "$(TARGET_NAME)";
				SWIFT_EMIT_LOC_STRINGS = NO;
				SWIFT_VERSION = 5.0;
				TARGETED_DEVICE_FAMILY = "1,2";
				TEST_TARGET_NAME = LostAndFoundApp;
			};
			name = Release;
		};
/* End XCBuildConfiguration section */

/* Begin XCConfigurationList section */
		05F8D71D2BE18C920021D578 /* Build configuration list for PBXProject "LostAndFoundApp" */ = {
			isa = XCConfigurationList;
			buildConfigurations = (
				05F8D7442BE18C930021D578 /* Debug */,
				05F8D7452BE18C930021D578 /* Release */,
			);
			defaultConfigurationIsVisible = 0;
			defaultConfigurationName = Release;
		};
		05F8D7462BE18C930021D578 /* Build configuration list for PBXNativeTarget "LostAndFoundApp" */ = {
			isa = XCConfigurationList;
			buildConfigurations = (
				05F8D7472BE18C930021D578 /* Debug */,
				05F8D7482BE18C930021D578 /* Release */,
			);
			defaultConfigurationIsVisible = 0;
			defaultConfigurationName = Release;
		};
		05F8D7492BE18C930021D578 /* Build configuration list for PBXNativeTarget "LostAndFoundAppTests" */ = {
			isa = XCConfigurationList;
			buildConfigurations = (
				05F8D74A2BE18C930021D578 /* Debug */,
				05F8D74B2BE18C930021D578 /* Release */,
			);
			defaultConfigurationIsVisible = 0;
			defaultConfigurationName = Release;
		};
		05F8D74C2BE18C930021D578 /* Build configuration list for PBXNativeTarget "LostAndFoundAppUITests" */ = {
			isa = XCConfigurationList;
			buildConfigurations = (
				05F8D74D2BE18C930021D578 /* Debug */,
				05F8D74E2BE18C930021D578 /* Release */,
			);
			defaultConfigurationIsVisible = 0;
			defaultConfigurationName = Release;
		};
/* End XCConfigurationList section */

/* Begin XCRemoteSwiftPackageReference section */
		05551B412BE2AB6C00826C04 /* XCRemoteSwiftPackageReference "Alamofire" */ = {
			isa = XCRemoteSwiftPackageReference;
			repositoryURL = "https://github.com/Alamofire/Alamofire.git";
			requirement = {
				kind = upToNextMajorVersion;
				minimumVersion = 5.9.1;
			};
		};
		05C895712BE5DF16007DA59E /* XCRemoteSwiftPackageReference "SDWebImageSwiftUI" */ = {
			isa = XCRemoteSwiftPackageReference;
			repositoryURL = "https://github.com/SDWebImage/SDWebImageSwiftUI.git";
			requirement = {
				kind = upToNextMajorVersion;
				minimumVersion = 3.0.4;
			};
		};
/* End XCRemoteSwiftPackageReference section */

/* Begin XCSwiftPackageProductDependency section */
		05551B422BE2AB6C00826C04 /* Alamofire */ = {
			isa = XCSwiftPackageProductDependency;
			package = 05551B412BE2AB6C00826C04 /* XCRemoteSwiftPackageReference "Alamofire" */;
			productName = Alamofire;
		};
		05551B442BE2AB6C00826C04 /* AlamofireDynamic */ = {
			isa = XCSwiftPackageProductDependency;
			package = 05551B412BE2AB6C00826C04 /* XCRemoteSwiftPackageReference "Alamofire" */;
			productName = AlamofireDynamic;
		};
		05C895722BE5DF16007DA59E /* SDWebImageSwiftUI */ = {
			isa = XCSwiftPackageProductDependency;
			package = 05C895712BE5DF16007DA59E /* XCRemoteSwiftPackageReference "SDWebImageSwiftUI" */;
			productName = SDWebImageSwiftUI;
		};
/* End XCSwiftPackageProductDependency section */
	};
	rootObject = 05F8D71A2BE18C920021D578 /* Project object */;
}
